// !$*UTF8*$!
{
	archiveVersion = 1;
	classes = {
	};
	objectVersion = 45;
	objects = {

/* Begin PBXBuildFile section */
		1D3623260D0F684500981E51 /* SumicamAppDelegate.m in Sources */ = {isa = PBXBuildFile; fileRef = 1D3623250D0F684500981E51 /* SumicamAppDelegate.m */; };
		1D60589B0D05DD56006BFB54 /* main.m in Sources */ = {isa = PBXBuildFile; fileRef = 29B97316FDCFA39411CA2CEA /* main.m */; };
		1D60589F0D05DD5A006BFB54 /* Foundation.framework in Frameworks */ = {isa = PBXBuildFile; fileRef = 1D30AB110D05D00D00671497 /* Foundation.framework */; };
		1DF5F4E00D08C38300B7A737 /* UIKit.framework in Frameworks */ = {isa = PBXBuildFile; fileRef = 1DF5F4DF0D08C38300B7A737 /* UIKit.framework */; };
		2892E4100DC94CBA00A64D0F /* CoreGraphics.framework in Frameworks */ = {isa = PBXBuildFile; fileRef = 2892E40F0DC94CBA00A64D0F /* CoreGraphics.framework */; };
		28AD73600D9D9599002E5188 /* MainWindow.xib in Resources */ = {isa = PBXBuildFile; fileRef = 28AD735F0D9D9599002E5188 /* MainWindow.xib */; };
		28C286E10D94DF7D0034E888 /* RootViewController.m in Sources */ = {isa = PBXBuildFile; fileRef = 28C286E00D94DF7D0034E888 /* RootViewController.m */; };
		28F335F11007B36200424DE2 /* RootViewController.xib in Resources */ = {isa = PBXBuildFile; fileRef = 28F335F01007B36200424DE2 /* RootViewController.xib */; };
		522D1F411421BA9900A3AAAF /* ImageViewController.m in Sources */ = {isa = PBXBuildFile; fileRef = 522D1F3F1421BA9900A3AAAF /* ImageViewController.m */; };
		522D1F421421BA9900A3AAAF /* ImageViewController.xib in Resources */ = {isa = PBXBuildFile; fileRef = 522D1F401421BA9900A3AAAF /* ImageViewController.xib */; };
		52D05087141B9EEF000676CE /* ASIAuthenticationDialog.m in Sources */ = {isa = PBXBuildFile; fileRef = 52D05074141B9EEF000676CE /* ASIAuthenticationDialog.m */; };
		52D05088141B9EEF000676CE /* ASIDataCompressor.m in Sources */ = {isa = PBXBuildFile; fileRef = 52D05077141B9EEF000676CE /* ASIDataCompressor.m */; };
		52D05089141B9EEF000676CE /* ASIDataDecompressor.m in Sources */ = {isa = PBXBuildFile; fileRef = 52D05079141B9EEF000676CE /* ASIDataDecompressor.m */; };
		52D0508A141B9EEF000676CE /* ASIDownloadCache.m in Sources */ = {isa = PBXBuildFile; fileRef = 52D0507B141B9EEF000676CE /* ASIDownloadCache.m */; };
		52D0508B141B9EEF000676CE /* ASIFormDataRequest.m in Sources */ = {isa = PBXBuildFile; fileRef = 52D0507D141B9EEF000676CE /* ASIFormDataRequest.m */; };
		52D0508C141B9EEF000676CE /* ASIHTTPRequest.m in Sources */ = {isa = PBXBuildFile; fileRef = 52D0507F141B9EEF000676CE /* ASIHTTPRequest.m */; };
		52D0508D141B9EEF000676CE /* ASIInputStream.m in Sources */ = {isa = PBXBuildFile; fileRef = 52D05083141B9EEF000676CE /* ASIInputStream.m */; };
		52D0508E141B9EEF000676CE /* ASINetworkQueue.m in Sources */ = {isa = PBXBuildFile; fileRef = 52D05085141B9EEF000676CE /* ASINetworkQueue.m */; };
		52D05092141B9F3B000676CE /* CFNetwork.framework in Frameworks */ = {isa = PBXBuildFile; fileRef = 52D05091141B9F3B000676CE /* CFNetwork.framework */; };
		52D05094141B9F3B000676CE /* MobileCoreServices.framework in Frameworks */ = {isa = PBXBuildFile; fileRef = 52D05093141B9F3B000676CE /* MobileCoreServices.framework */; };
		52D05096141B9F3B000676CE /* SystemConfiguration.framework in Frameworks */ = {isa = PBXBuildFile; fileRef = 52D05095141B9F3B000676CE /* SystemConfiguration.framework */; };
		52D050A2141BAB47000676CE /* Reachability.m in Sources */ = {isa = PBXBuildFile; fileRef = 52D050A1141BAB47000676CE /* Reachability.m */; };
		52D050C2141BAE91000676CE /* libz.1.2.3.dylib in Frameworks */ = {isa = PBXBuildFile; fileRef = 52D050C1141BAE91000676CE /* libz.1.2.3.dylib */; };
		52D05128141BC0FC000676CE /* NSObject+SBJson.m in Sources */ = {isa = PBXBuildFile; fileRef = 52D05110141BC0FC000676CE /* NSObject+SBJson.m */; };
		52D05129141BC0FC000676CE /* SBJsonParser.m in Sources */ = {isa = PBXBuildFile; fileRef = 52D05113141BC0FC000676CE /* SBJsonParser.m */; };
		52D0512A141BC0FC000676CE /* SBJsonStreamParser.m in Sources */ = {isa = PBXBuildFile; fileRef = 52D05115141BC0FC000676CE /* SBJsonStreamParser.m */; };
		52D0512B141BC0FC000676CE /* SBJsonStreamParserAccumulator.m in Sources */ = {isa = PBXBuildFile; fileRef = 52D05117141BC0FC000676CE /* SBJsonStreamParserAccumulator.m */; };
		52D0512C141BC0FC000676CE /* SBJsonStreamParserAdapter.m in Sources */ = {isa = PBXBuildFile; fileRef = 52D05119141BC0FC000676CE /* SBJsonStreamParserAdapter.m */; };
		52D0512D141BC0FC000676CE /* SBJsonStreamParserState.m in Sources */ = {isa = PBXBuildFile; fileRef = 52D0511B141BC0FC000676CE /* SBJsonStreamParserState.m */; };
		52D0512E141BC0FC000676CE /* SBJsonStreamWriter.m in Sources */ = {isa = PBXBuildFile; fileRef = 52D0511D141BC0FC000676CE /* SBJsonStreamWriter.m */; };
		52D0512F141BC0FC000676CE /* SBJsonStreamWriterAccumulator.m in Sources */ = {isa = PBXBuildFile; fileRef = 52D0511F141BC0FC000676CE /* SBJsonStreamWriterAccumulator.m */; };
		52D05130141BC0FC000676CE /* SBJsonStreamWriterState.m in Sources */ = {isa = PBXBuildFile; fileRef = 52D05121141BC0FC000676CE /* SBJsonStreamWriterState.m */; };
		52D05131141BC0FC000676CE /* SBJsonTokeniser.m in Sources */ = {isa = PBXBuildFile; fileRef = 52D05123141BC0FC000676CE /* SBJsonTokeniser.m */; };
		52D05132141BC0FC000676CE /* SBJsonUTF8Stream.m in Sources */ = {isa = PBXBuildFile; fileRef = 52D05125141BC0FC000676CE /* SBJsonUTF8Stream.m */; };
		52D05133141BC0FC000676CE /* SBJsonWriter.m in Sources */ = {isa = PBXBuildFile; fileRef = 52D05127141BC0FC000676CE /* SBJsonWriter.m */; };
/* End PBXBuildFile section */

/* Begin PBXFileReference section */
		1D30AB110D05D00D00671497 /* Foundation.framework */ = {isa = PBXFileReference; lastKnownFileType = wrapper.framework; name = Foundation.framework; path = System/Library/Frameworks/Foundation.framework; sourceTree = SDKROOT; };
		1D3623240D0F684500981E51 /* SumicamAppDelegate.h */ = {isa = PBXFileReference; fileEncoding = 4; lastKnownFileType = sourcecode.c.h; path = SumicamAppDelegate.h; sourceTree = "<group>"; };
		1D3623250D0F684500981E51 /* SumicamAppDelegate.m */ = {isa = PBXFileReference; fileEncoding = 4; lastKnownFileType = sourcecode.c.objc; path = SumicamAppDelegate.m; sourceTree = "<group>"; };
		1D6058910D05DD3D006BFB54 /* Sumicam.app */ = {isa = PBXFileReference; explicitFileType = wrapper.application; includeInIndex = 0; path = Sumicam.app; sourceTree = BUILT_PRODUCTS_DIR; };
		1DF5F4DF0D08C38300B7A737 /* UIKit.framework */ = {isa = PBXFileReference; lastKnownFileType = wrapper.framework; name = UIKit.framework; path = System/Library/Frameworks/UIKit.framework; sourceTree = SDKROOT; };
		2892E40F0DC94CBA00A64D0F /* CoreGraphics.framework */ = {isa = PBXFileReference; lastKnownFileType = wrapper.framework; name = CoreGraphics.framework; path = System/Library/Frameworks/CoreGraphics.framework; sourceTree = SDKROOT; };
		28A0AAE50D9B0CCF005BE974 /* Sumicam_Prefix.pch */ = {isa = PBXFileReference; fileEncoding = 4; lastKnownFileType = sourcecode.c.h; path = Sumicam_Prefix.pch; sourceTree = "<group>"; };
		28AD735F0D9D9599002E5188 /* MainWindow.xib */ = {isa = PBXFileReference; lastKnownFileType = file.xib; path = MainWindow.xib; sourceTree = "<group>"; };
		28C286DF0D94DF7D0034E888 /* RootViewController.h */ = {isa = PBXFileReference; fileEncoding = 4; lastKnownFileType = sourcecode.c.h; path = RootViewController.h; sourceTree = "<group>"; };
		28C286E00D94DF7D0034E888 /* RootViewController.m */ = {isa = PBXFileReference; fileEncoding = 4; lastKnownFileType = sourcecode.c.objc; path = RootViewController.m; sourceTree = "<group>"; };
		28F335F01007B36200424DE2 /* RootViewController.xib */ = {isa = PBXFileReference; lastKnownFileType = file.xib; path = RootViewController.xib; sourceTree = "<group>"; };
		29B97316FDCFA39411CA2CEA /* main.m */ = {isa = PBXFileReference; fileEncoding = 4; lastKnownFileType = sourcecode.c.objc; path = main.m; sourceTree = "<group>"; };
		522D1F3E1421BA9900A3AAAF /* ImageViewController.h */ = {isa = PBXFileReference; fileEncoding = 4; lastKnownFileType = sourcecode.c.h; name = ImageViewController.h; path = ../ImageViewController.h; sourceTree = "<group>"; };
		522D1F3F1421BA9900A3AAAF /* ImageViewController.m */ = {isa = PBXFileReference; fileEncoding = 4; lastKnownFileType = sourcecode.c.objc; name = ImageViewController.m; path = ../ImageViewController.m; sourceTree = "<group>"; };
		522D1F401421BA9900A3AAAF /* ImageViewController.xib */ = {isa = PBXFileReference; lastKnownFileType = file.xib; path = ImageViewController.xib; sourceTree = "<group>"; };
		52D05073141B9EEF000676CE /* ASIAuthenticationDialog.h */ = {isa = PBXFileReference; fileEncoding = 4; lastKnownFileType = sourcecode.c.h; path = ASIAuthenticationDialog.h; sourceTree = "<group>"; };
		52D05074141B9EEF000676CE /* ASIAuthenticationDialog.m */ = {isa = PBXFileReference; fileEncoding = 4; lastKnownFileType = sourcecode.c.objc; path = ASIAuthenticationDialog.m; sourceTree = "<group>"; };
		52D05075141B9EEF000676CE /* ASICacheDelegate.h */ = {isa = PBXFileReference; fileEncoding = 4; lastKnownFileType = sourcecode.c.h; path = ASICacheDelegate.h; sourceTree = "<group>"; };
		52D05076141B9EEF000676CE /* ASIDataCompressor.h */ = {isa = PBXFileReference; fileEncoding = 4; lastKnownFileType = sourcecode.c.h; path = ASIDataCompressor.h; sourceTree = "<group>"; };
		52D05077141B9EEF000676CE /* ASIDataCompressor.m */ = {isa = PBXFileReference; fileEncoding = 4; lastKnownFileType = sourcecode.c.objc; path = ASIDataCompressor.m; sourceTree = "<group>"; };
		52D05078141B9EEF000676CE /* ASIDataDecompressor.h */ = {isa = PBXFileReference; fileEncoding = 4; lastKnownFileType = sourcecode.c.h; path = ASIDataDecompressor.h; sourceTree = "<group>"; };
		52D05079141B9EEF000676CE /* ASIDataDecompressor.m */ = {isa = PBXFileReference; fileEncoding = 4; lastKnownFileType = sourcecode.c.objc; path = ASIDataDecompressor.m; sourceTree = "<group>"; };
		52D0507A141B9EEF000676CE /* ASIDownloadCache.h */ = {isa = PBXFileReference; fileEncoding = 4; lastKnownFileType = sourcecode.c.h; path = ASIDownloadCache.h; sourceTree = "<group>"; };
		52D0507B141B9EEF000676CE /* ASIDownloadCache.m */ = {isa = PBXFileReference; fileEncoding = 4; lastKnownFileType = sourcecode.c.objc; path = ASIDownloadCache.m; sourceTree = "<group>"; };
		52D0507C141B9EEF000676CE /* ASIFormDataRequest.h */ = {isa = PBXFileReference; fileEncoding = 4; lastKnownFileType = sourcecode.c.h; path = ASIFormDataRequest.h; sourceTree = "<group>"; };
		52D0507D141B9EEF000676CE /* ASIFormDataRequest.m */ = {isa = PBXFileReference; fileEncoding = 4; lastKnownFileType = sourcecode.c.objc; path = ASIFormDataRequest.m; sourceTree = "<group>"; };
		52D0507E141B9EEF000676CE /* ASIHTTPRequest.h */ = {isa = PBXFileReference; fileEncoding = 4; lastKnownFileType = sourcecode.c.h; path = ASIHTTPRequest.h; sourceTree = "<group>"; };
		52D0507F141B9EEF000676CE /* ASIHTTPRequest.m */ = {isa = PBXFileReference; fileEncoding = 4; lastKnownFileType = sourcecode.c.objc; path = ASIHTTPRequest.m; sourceTree = "<group>"; };
		52D05080141B9EEF000676CE /* ASIHTTPRequestConfig.h */ = {isa = PBXFileReference; fileEncoding = 4; lastKnownFileType = sourcecode.c.h; path = ASIHTTPRequestConfig.h; sourceTree = "<group>"; };
		52D05081141B9EEF000676CE /* ASIHTTPRequestDelegate.h */ = {isa = PBXFileReference; fileEncoding = 4; lastKnownFileType = sourcecode.c.h; path = ASIHTTPRequestDelegate.h; sourceTree = "<group>"; };
		52D05082141B9EEF000676CE /* ASIInputStream.h */ = {isa = PBXFileReference; fileEncoding = 4; lastKnownFileType = sourcecode.c.h; path = ASIInputStream.h; sourceTree = "<group>"; };
		52D05083141B9EEF000676CE /* ASIInputStream.m */ = {isa = PBXFileReference; fileEncoding = 4; lastKnownFileType = sourcecode.c.objc; path = ASIInputStream.m; sourceTree = "<group>"; };
		52D05084141B9EEF000676CE /* ASINetworkQueue.h */ = {isa = PBXFileReference; fileEncoding = 4; lastKnownFileType = sourcecode.c.h; path = ASINetworkQueue.h; sourceTree = "<group>"; };
		52D05085141B9EEF000676CE /* ASINetworkQueue.m */ = {isa = PBXFileReference; fileEncoding = 4; lastKnownFileType = sourcecode.c.objc; path = ASINetworkQueue.m; sourceTree = "<group>"; };
		52D05086141B9EEF000676CE /* ASIProgressDelegate.h */ = {isa = PBXFileReference; fileEncoding = 4; lastKnownFileType = sourcecode.c.h; path = ASIProgressDelegate.h; sourceTree = "<group>"; };
		52D05091141B9F3B000676CE /* CFNetwork.framework */ = {isa = PBXFileReference; lastKnownFileType = wrapper.framework; name = CFNetwork.framework; path = System/Library/Frameworks/CFNetwork.framework; sourceTree = SDKROOT; };
		52D05093141B9F3B000676CE /* MobileCoreServices.framework */ = {isa = PBXFileReference; lastKnownFileType = wrapper.framework; name = MobileCoreServices.framework; path = System/Library/Frameworks/MobileCoreServices.framework; sourceTree = SDKROOT; };
		52D05095141B9F3B000676CE /* SystemConfiguration.framework */ = {isa = PBXFileReference; lastKnownFileType = wrapper.framework; name = SystemConfiguration.framework; path = System/Library/Frameworks/SystemConfiguration.framework; sourceTree = SDKROOT; };
		52D050A0141BAB47000676CE /* Reachability.h */ = {isa = PBXFileReference; fileEncoding = 4; lastKnownFileType = sourcecode.c.h; path = Reachability.h; sourceTree = "<group>"; };
		52D050A1141BAB47000676CE /* Reachability.m */ = {isa = PBXFileReference; fileEncoding = 4; lastKnownFileType = sourcecode.c.objc; path = Reachability.m; sourceTree = "<group>"; };
		52D050C1141BAE91000676CE /* libz.1.2.3.dylib */ = {isa = PBXFileReference; lastKnownFileType = "compiled.mach-o.dylib"; name = libz.1.2.3.dylib; path = usr/lib/libz.1.2.3.dylib; sourceTree = SDKROOT; };
		52D0510F141BC0FC000676CE /* NSObject+SBJson.h */ = {isa = PBXFileReference; fileEncoding = 4; lastKnownFileType = sourcecode.c.h; path = "NSObject+SBJson.h"; sourceTree = "<group>"; };
		52D05110141BC0FC000676CE /* NSObject+SBJson.m */ = {isa = PBXFileReference; fileEncoding = 4; lastKnownFileType = sourcecode.c.objc; path = "NSObject+SBJson.m"; sourceTree = "<group>"; };
		52D05111141BC0FC000676CE /* SBJson.h */ = {isa = PBXFileReference; fileEncoding = 4; lastKnownFileType = sourcecode.c.h; path = SBJson.h; sourceTree = "<group>"; };
		52D05112141BC0FC000676CE /* SBJsonParser.h */ = {isa = PBXFileReference; fileEncoding = 4; lastKnownFileType = sourcecode.c.h; path = SBJsonParser.h; sourceTree = "<group>"; };
		52D05113141BC0FC000676CE /* SBJsonParser.m */ = {isa = PBXFileReference; fileEncoding = 4; lastKnownFileType = sourcecode.c.objc; path = SBJsonParser.m; sourceTree = "<group>"; };
		52D05114141BC0FC000676CE /* SBJsonStreamParser.h */ = {isa = PBXFileReference; fileEncoding = 4; lastKnownFileType = sourcecode.c.h; path = SBJsonStreamParser.h; sourceTree = "<group>"; };
		52D05115141BC0FC000676CE /* SBJsonStreamParser.m */ = {isa = PBXFileReference; fileEncoding = 4; lastKnownFileType = sourcecode.c.objc; path = SBJsonStreamParser.m; sourceTree = "<group>"; };
		52D05116141BC0FC000676CE /* SBJsonStreamParserAccumulator.h */ = {isa = PBXFileReference; fileEncoding = 4; lastKnownFileType = sourcecode.c.h; path = SBJsonStreamParserAccumulator.h; sourceTree = "<group>"; };
		52D05117141BC0FC000676CE /* SBJsonStreamParserAccumulator.m */ = {isa = PBXFileReference; fileEncoding = 4; lastKnownFileType = sourcecode.c.objc; path = SBJsonStreamParserAccumulator.m; sourceTree = "<group>"; };
		52D05118141BC0FC000676CE /* SBJsonStreamParserAdapter.h */ = {isa = PBXFileReference; fileEncoding = 4; lastKnownFileType = sourcecode.c.h; path = SBJsonStreamParserAdapter.h; sourceTree = "<group>"; };
		52D05119141BC0FC000676CE /* SBJsonStreamParserAdapter.m */ = {isa = PBXFileReference; fileEncoding = 4; lastKnownFileType = sourcecode.c.objc; path = SBJsonStreamParserAdapter.m; sourceTree = "<group>"; };
		52D0511A141BC0FC000676CE /* SBJsonStreamParserState.h */ = {isa = PBXFileReference; fileEncoding = 4; lastKnownFileType = sourcecode.c.h; path = SBJsonStreamParserState.h; sourceTree = "<group>"; };
		52D0511B141BC0FC000676CE /* SBJsonStreamParserState.m */ = {isa = PBXFileReference; fileEncoding = 4; lastKnownFileType = sourcecode.c.objc; path = SBJsonStreamParserState.m; sourceTree = "<group>"; };
		52D0511C141BC0FC000676CE /* SBJsonStreamWriter.h */ = {isa = PBXFileReference; fileEncoding = 4; lastKnownFileType = sourcecode.c.h; path = SBJsonStreamWriter.h; sourceTree = "<group>"; };
		52D0511D141BC0FC000676CE /* SBJsonStreamWriter.m */ = {isa = PBXFileReference; fileEncoding = 4; lastKnownFileType = sourcecode.c.objc; path = SBJsonStreamWriter.m; sourceTree = "<group>"; };
		52D0511E141BC0FC000676CE /* SBJsonStreamWriterAccumulator.h */ = {isa = PBXFileReference; fileEncoding = 4; lastKnownFileType = sourcecode.c.h; path = SBJsonStreamWriterAccumulator.h; sourceTree = "<group>"; };
		52D0511F141BC0FC000676CE /* SBJsonStreamWriterAccumulator.m */ = {isa = PBXFileReference; fileEncoding = 4; lastKnownFileType = sourcecode.c.objc; path = SBJsonStreamWriterAccumulator.m; sourceTree = "<group>"; };
		52D05120141BC0FC000676CE /* SBJsonStreamWriterState.h */ = {isa = PBXFileReference; fileEncoding = 4; lastKnownFileType = sourcecode.c.h; path = SBJsonStreamWriterState.h; sourceTree = "<group>"; };
		52D05121141BC0FC000676CE /* SBJsonStreamWriterState.m */ = {isa = PBXFileReference; fileEncoding = 4; lastKnownFileType = sourcecode.c.objc; path = SBJsonStreamWriterState.m; sourceTree = "<group>"; };
		52D05122141BC0FC000676CE /* SBJsonTokeniser.h */ = {isa = PBXFileReference; fileEncoding = 4; lastKnownFileType = sourcecode.c.h; path = SBJsonTokeniser.h; sourceTree = "<group>"; };
		52D05123141BC0FC000676CE /* SBJsonTokeniser.m */ = {isa = PBXFileReference; fileEncoding = 4; lastKnownFileType = sourcecode.c.objc; path = SBJsonTokeniser.m; sourceTree = "<group>"; };
		52D05124141BC0FC000676CE /* SBJsonUTF8Stream.h */ = {isa = PBXFileReference; fileEncoding = 4; lastKnownFileType = sourcecode.c.h; path = SBJsonUTF8Stream.h; sourceTree = "<group>"; };
		52D05125141BC0FC000676CE /* SBJsonUTF8Stream.m */ = {isa = PBXFileReference; fileEncoding = 4; lastKnownFileType = sourcecode.c.objc; path = SBJsonUTF8Stream.m; sourceTree = "<group>"; };
		52D05126141BC0FC000676CE /* SBJsonWriter.h */ = {isa = PBXFileReference; fileEncoding = 4; lastKnownFileType = sourcecode.c.h; path = SBJsonWriter.h; sourceTree = "<group>"; };
		52D05127141BC0FC000676CE /* SBJsonWriter.m */ = {isa = PBXFileReference; fileEncoding = 4; lastKnownFileType = sourcecode.c.objc; path = SBJsonWriter.m; sourceTree = "<group>"; };
		8D1107310486CEB800E47090 /* Sumicam-Info.plist */ = {isa = PBXFileReference; fileEncoding = 4; lastKnownFileType = text.plist.xml; path = "Sumicam-Info.plist"; plistStructureDefinitionIdentifier = "com.apple.xcode.plist.structure-definition.iphone.info-plist"; sourceTree = "<group>"; };
/* End PBXFileReference section */

/* Begin PBXFrameworksBuildPhase section */
		1D60588F0D05DD3D006BFB54 /* Frameworks */ = {
			isa = PBXFrameworksBuildPhase;
			buildActionMask = 2147483647;
			files = (
				1D60589F0D05DD5A006BFB54 /* Foundation.framework in Frameworks */,
				1DF5F4E00D08C38300B7A737 /* UIKit.framework in Frameworks */,
				2892E4100DC94CBA00A64D0F /* CoreGraphics.framework in Frameworks */,
				52D05092141B9F3B000676CE /* CFNetwork.framework in Frameworks */,
				52D05094141B9F3B000676CE /* MobileCoreServices.framework in Frameworks */,
				52D05096141B9F3B000676CE /* SystemConfiguration.framework in Frameworks */,
				52D050C2141BAE91000676CE /* libz.1.2.3.dylib in Frameworks */,
			);
			runOnlyForDeploymentPostprocessing = 0;
		};
/* End PBXFrameworksBuildPhase section */

/* Begin PBXGroup section */
		080E96DDFE201D6D7F000001 /* Classes */ = {
			isa = PBXGroup;
			children = (
				52D0510D141BC0EE000676CE /* sbjson */,
				52D05066141B9ED3000676CE /* asfetcher */,
				28C286DF0D94DF7D0034E888 /* RootViewController.h */,
				28C286E00D94DF7D0034E888 /* RootViewController.m */,
				522D1F3E1421BA9900A3AAAF /* ImageViewController.h */,
				522D1F3F1421BA9900A3AAAF /* ImageViewController.m */,
				1D3623240D0F684500981E51 /* SumicamAppDelegate.h */,
				1D3623250D0F684500981E51 /* SumicamAppDelegate.m */,
			);
			path = Classes;
			sourceTree = "<group>";
		};
		19C28FACFE9D520D11CA2CBB /* Products */ = {
			isa = PBXGroup;
			children = (
				1D6058910D05DD3D006BFB54 /* Sumicam.app */,
			);
			name = Products;
			sourceTree = "<group>";
		};
		29B97314FDCFA39411CA2CEA /* CustomTemplate */ = {
			isa = PBXGroup;
			children = (
				080E96DDFE201D6D7F000001 /* Classes */,
				29B97315FDCFA39411CA2CEA /* Other Sources */,
				29B97317FDCFA39411CA2CEA /* Resources */,
				29B97323FDCFA39411CA2CEA /* Frameworks */,
				19C28FACFE9D520D11CA2CBB /* Products */,
				52D05091141B9F3B000676CE /* CFNetwork.framework */,
				52D05093141B9F3B000676CE /* MobileCoreServices.framework */,
				52D05095141B9F3B000676CE /* SystemConfiguration.framework */,
				52D050C1141BAE91000676CE /* libz.1.2.3.dylib */,
			);
			name = CustomTemplate;
			sourceTree = "<group>";
		};
		29B97315FDCFA39411CA2CEA /* Other Sources */ = {
			isa = PBXGroup;
			children = (
				28A0AAE50D9B0CCF005BE974 /* Sumicam_Prefix.pch */,
				29B97316FDCFA39411CA2CEA /* main.m */,
			);
			name = "Other Sources";
			sourceTree = "<group>";
		};
		29B97317FDCFA39411CA2CEA /* Resources */ = {
			isa = PBXGroup;
			children = (
				28F335F01007B36200424DE2 /* RootViewController.xib */,
				522D1F401421BA9900A3AAAF /* ImageViewController.xib */,
				28AD735F0D9D9599002E5188 /* MainWindow.xib */,
				8D1107310486CEB800E47090 /* Sumicam-Info.plist */,
			);
			name = Resources;
			sourceTree = "<group>";
		};
		29B97323FDCFA39411CA2CEA /* Frameworks */ = {
			isa = PBXGroup;
			children = (
				1DF5F4DF0D08C38300B7A737 /* UIKit.framework */,
				1D30AB110D05D00D00671497 /* Foundation.framework */,
				2892E40F0DC94CBA00A64D0F /* CoreGraphics.framework */,
			);
			name = Frameworks;
			sourceTree = "<group>";
		};
		52D05066141B9ED3000676CE /* asfetcher */ = {
			isa = PBXGroup;
			children = (
				52D050A0141BAB47000676CE /* Reachability.h */,
				52D050A1141BAB47000676CE /* Reachability.m */,
				52D05073141B9EEF000676CE /* ASIAuthenticationDialog.h */,
				52D05074141B9EEF000676CE /* ASIAuthenticationDialog.m */,
				52D05075141B9EEF000676CE /* ASICacheDelegate.h */,
				52D05076141B9EEF000676CE /* ASIDataCompressor.h */,
				52D05077141B9EEF000676CE /* ASIDataCompressor.m */,
				52D05078141B9EEF000676CE /* ASIDataDecompressor.h */,
				52D05079141B9EEF000676CE /* ASIDataDecompressor.m */,
				52D0507A141B9EEF000676CE /* ASIDownloadCache.h */,
				52D0507B141B9EEF000676CE /* ASIDownloadCache.m */,
				52D0507C141B9EEF000676CE /* ASIFormDataRequest.h */,
				52D0507D141B9EEF000676CE /* ASIFormDataRequest.m */,
				52D0507E141B9EEF000676CE /* ASIHTTPRequest.h */,
				52D0507F141B9EEF000676CE /* ASIHTTPRequest.m */,
				52D05080141B9EEF000676CE /* ASIHTTPRequestConfig.h */,
				52D05081141B9EEF000676CE /* ASIHTTPRequestDelegate.h */,
				52D05082141B9EEF000676CE /* ASIInputStream.h */,
				52D05083141B9EEF000676CE /* ASIInputStream.m */,
				52D05084141B9EEF000676CE /* ASINetworkQueue.h */,
				52D05085141B9EEF000676CE /* ASINetworkQueue.m */,
				52D05086141B9EEF000676CE /* ASIProgressDelegate.h */,
			);
			name = asfetcher;
			sourceTree = "<group>";
		};
		52D0510D141BC0EE000676CE /* sbjson */ = {
			isa = PBXGroup;
			children = (
				52D0510F141BC0FC000676CE /* NSObject+SBJson.h */,
				52D05110141BC0FC000676CE /* NSObject+SBJson.m */,
				52D05111141BC0FC000676CE /* SBJson.h */,
				52D05112141BC0FC000676CE /* SBJsonParser.h */,
				52D05113141BC0FC000676CE /* SBJsonParser.m */,
				52D05114141BC0FC000676CE /* SBJsonStreamParser.h */,
				52D05115141BC0FC000676CE /* SBJsonStreamParser.m */,
				52D05116141BC0FC000676CE /* SBJsonStreamParserAccumulator.h */,
				52D05117141BC0FC000676CE /* SBJsonStreamParserAccumulator.m */,
				52D05118141BC0FC000676CE /* SBJsonStreamParserAdapter.h */,
				52D05119141BC0FC000676CE /* SBJsonStreamParserAdapter.m */,
				52D0511A141BC0FC000676CE /* SBJsonStreamParserState.h */,
				52D0511B141BC0FC000676CE /* SBJsonStreamParserState.m */,
				52D0511C141BC0FC000676CE /* SBJsonStreamWriter.h */,
				52D0511D141BC0FC000676CE /* SBJsonStreamWriter.m */,
				52D0511E141BC0FC000676CE /* SBJsonStreamWriterAccumulator.h */,
				52D0511F141BC0FC000676CE /* SBJsonStreamWriterAccumulator.m */,
				52D05120141BC0FC000676CE /* SBJsonStreamWriterState.h */,
				52D05121141BC0FC000676CE /* SBJsonStreamWriterState.m */,
				52D05122141BC0FC000676CE /* SBJsonTokeniser.h */,
				52D05123141BC0FC000676CE /* SBJsonTokeniser.m */,
				52D05124141BC0FC000676CE /* SBJsonUTF8Stream.h */,
				52D05125141BC0FC000676CE /* SBJsonUTF8Stream.m */,
				52D05126141BC0FC000676CE /* SBJsonWriter.h */,
				52D05127141BC0FC000676CE /* SBJsonWriter.m */,
			);
			name = sbjson;
			sourceTree = "<group>";
		};
/* End PBXGroup section */

/* Begin PBXNativeTarget section */
		1D6058900D05DD3D006BFB54 /* Sumicam */ = {
			isa = PBXNativeTarget;
			buildConfigurationList = 1D6058960D05DD3E006BFB54 /* Build configuration list for PBXNativeTarget "Sumicam" */;
			buildPhases = (
				1D60588D0D05DD3D006BFB54 /* Resources */,
				1D60588E0D05DD3D006BFB54 /* Sources */,
				1D60588F0D05DD3D006BFB54 /* Frameworks */,
			);
			buildRules = (
			);
			dependencies = (
			);
			name = Sumicam;
			productName = Sumicam;
			productReference = 1D6058910D05DD3D006BFB54 /* Sumicam.app */;
			productType = "com.apple.product-type.application";
		};
/* End PBXNativeTarget section */

/* Begin PBXProject section */
		29B97313FDCFA39411CA2CEA /* Project object */ = {
			isa = PBXProject;
			buildConfigurationList = C01FCF4E08A954540054247B /* Build configuration list for PBXProject "Sumicam" */;
			compatibilityVersion = "Xcode 3.1";
			developmentRegion = English;
			hasScannedForEncodings = 1;
			knownRegions = (
				English,
				Japanese,
				French,
				German,
				en,
			);
			mainGroup = 29B97314FDCFA39411CA2CEA /* CustomTemplate */;
			projectDirPath = "";
			projectRoot = "";
			targets = (
				1D6058900D05DD3D006BFB54 /* Sumicam */,
			);
		};
/* End PBXProject section */

/* Begin PBXResourcesBuildPhase section */
		1D60588D0D05DD3D006BFB54 /* Resources */ = {
			isa = PBXResourcesBuildPhase;
			buildActionMask = 2147483647;
			files = (
				28AD73600D9D9599002E5188 /* MainWindow.xib in Resources */,
				28F335F11007B36200424DE2 /* RootViewController.xib in Resources */,
				522D1F421421BA9900A3AAAF /* ImageViewController.xib in Resources */,
			);
			runOnlyForDeploymentPostprocessing = 0;
		};
/* End PBXResourcesBuildPhase section */

/* Begin PBXSourcesBuildPhase section */
		1D60588E0D05DD3D006BFB54 /* Sources */ = {
			isa = PBXSourcesBuildPhase;
			buildActionMask = 2147483647;
			files = (
				1D60589B0D05DD56006BFB54 /* main.m in Sources */,
				1D3623260D0F684500981E51 /* SumicamAppDelegate.m in Sources */,
				28C286E10D94DF7D0034E888 /* RootViewController.m in Sources */,
				52D05087141B9EEF000676CE /* ASIAuthenticationDialog.m in Sources */,
				52D05088141B9EEF000676CE /* ASIDataCompressor.m in Sources */,
				52D05089141B9EEF000676CE /* ASIDataDecompressor.m in Sources */,
				52D0508A141B9EEF000676CE /* ASIDownloadCache.m in Sources */,
				52D0508B141B9EEF000676CE /* ASIFormDataRequest.m in Sources */,
				52D0508C141B9EEF000676CE /* ASIHTTPRequest.m in Sources */,
				52D0508D141B9EEF000676CE /* ASIInputStream.m in Sources */,
				52D0508E141B9EEF000676CE /* ASINetworkQueue.m in Sources */,
				52D050A2141BAB47000676CE /* Reachability.m in Sources */,
				52D05128141BC0FC000676CE /* NSObject+SBJson.m in Sources */,
				52D05129141BC0FC000676CE /* SBJsonParser.m in Sources */,
				52D0512A141BC0FC000676CE /* SBJsonStreamParser.m in Sources */,
				52D0512B141BC0FC000676CE /* SBJsonStreamParserAccumulator.m in Sources */,
				52D0512C141BC0FC000676CE /* SBJsonStreamParserAdapter.m in Sources */,
				52D0512D141BC0FC000676CE /* SBJsonStreamParserState.m in Sources */,
				52D0512E141BC0FC000676CE /* SBJsonStreamWriter.m in Sources */,
				52D0512F141BC0FC000676CE /* SBJsonStreamWriterAccumulator.m in Sources */,
				52D05130141BC0FC000676CE /* SBJsonStreamWriterState.m in Sources */,
				52D05131141BC0FC000676CE /* SBJsonTokeniser.m in Sources */,
				52D05132141BC0FC000676CE /* SBJsonUTF8Stream.m in Sources */,
				52D05133141BC0FC000676CE /* SBJsonWriter.m in Sources */,
				522D1F411421BA9900A3AAAF /* ImageViewController.m in Sources */,
			);
			runOnlyForDeploymentPostprocessing = 0;
		};
/* End PBXSourcesBuildPhase section */

/* Begin XCBuildConfiguration section */
		1D6058940D05DD3E006BFB54 /* Debug */ = {
			isa = XCBuildConfiguration;
			buildSettings = {
				ALWAYS_SEARCH_USER_PATHS = NO;
				COPY_PHASE_STRIP = NO;
				GCC_DYNAMIC_NO_PIC = NO;
				GCC_OPTIMIZATION_LEVEL = 0;
				GCC_PRECOMPILE_PREFIX_HEADER = YES;
				GCC_PREFIX_HEADER = Sumicam_Prefix.pch;
				INFOPLIST_FILE = "Sumicam-Info.plist";
				PRODUCT_NAME = Sumicam;
			};
			name = Debug;
		};
		1D6058950D05DD3E006BFB54 /* Release */ = {
			isa = XCBuildConfiguration;
			buildSettings = {
				ALWAYS_SEARCH_USER_PATHS = NO;
				COPY_PHASE_STRIP = YES;
				GCC_PRECOMPILE_PREFIX_HEADER = YES;
				GCC_PREFIX_HEADER = Sumicam_Prefix.pch;
				INFOPLIST_FILE = "Sumicam-Info.plist";
				PRODUCT_NAME = Sumicam;
				VALIDATE_PRODUCT = YES;
			};
			name = Release;
		};
		C01FCF4F08A954540054247B /* Debug */ = {
			isa = XCBuildConfiguration;
			buildSettings = {
				ARCHS = "$(ARCHS_STANDARD_32_BIT)";
				"CODE_SIGN_IDENTITY[sdk=iphoneos*]" = "iPhone Developer";
				GCC_C_LANGUAGE_STANDARD = c99;
				GCC_WARN_ABOUT_RETURN_TYPE = YES;
				GCC_WARN_UNUSED_VARIABLE = YES;
				IPHONEOS_DEPLOYMENT_TARGET = 3.2;
				PREBINDING = NO;
				SDKROOT = iphoneos;
			};
			name = Debug;
		};
		C01FCF5008A954540054247B /* Release */ = {
			isa = XCBuildConfiguration;
			buildSettings = {
				ARCHS = "$(ARCHS_STANDARD_32_BIT)";
				"CODE_SIGN_IDENTITY[sdk=iphoneos*]" = "iPhone Developer";
				GCC_C_LANGUAGE_STANDARD = c99;
				GCC_WARN_ABOUT_RETURN_TYPE = YES;
				GCC_WARN_UNUSED_VARIABLE = YES;
				OTHER_CFLAGS = "-DNS_BLOCK_ASSERTIONS=1";
				PREBINDING = NO;
				SDKROOT = iphoneos;
			};
			name = Release;
		};
/* End XCBuildConfiguration section */

/* Begin XCConfigurationList section */
		1D6058960D05DD3E006BFB54 /* Build configuration list for PBXNativeTarget "Sumicam" */ = {
			isa = XCConfigurationList;
			buildConfigurations = (
				1D6058940D05DD3E006BFB54 /* Debug */,
				1D6058950D05DD3E006BFB54 /* Release */,
			);
			defaultConfigurationIsVisible = 0;
			defaultConfigurationName = Release;
		};
		C01FCF4E08A954540054247B /* Build configuration list for PBXProject "Sumicam" */ = {
			isa = XCConfigurationList;
			buildConfigurations = (
				C01FCF4F08A954540054247B /* Debug */,
				C01FCF5008A954540054247B /* Release */,
			);
			defaultConfigurationIsVisible = 0;
			defaultConfigurationName = Release;
		};
/* End XCConfigurationList section */
	};
	rootObject = 29B97313FDCFA39411CA2CEA /* Project object */;
}
